
Microsoft Visual Studio Solution File, Format Version 12.00
# Visual Studio 15
VisualStudioVersion = 15.0.26124.0
MinimumVisualStudioVersion = 15.0.26124.0
Project("{9A19103F-16F7-4668-BE54-9A1E7A4F7556}") = "R5T.Rathgormack.Standard.Construction", "R5T.Rathgormack.Standard.Construction\R5T.Rathgormack.Standard.Construction.csproj", "{221A869A-D12F-4AA5-A054-FB531ACC10F3}"
EndProject
Project("{9A19103F-16F7-4668-BE54-9A1E7A4F7556}") = "R5T.Rathgormack.Standard", "R5T.Rathgormack.Standard\R5T.Rathgormack.Standard.csproj", "{C0663189-36C8-45FD-BAEF-AFBE439D3D05}"
EndProject
Project("{9A19103F-16F7-4668-BE54-9A1E7A4F7556}") = "R5T.Rathgormack.Standard.Testing", "R5T.Rathgormack.Standard.Testing\R5T.Rathgormack.Standard.Testing.csproj", "{73317D71-712E-4C4B-BCE1-977BC1A9E270}"
EndProject
Project("{2150E333-8FDC-42A3-9474-1A3956D46DE8}") = "_Dependencies", "_Dependencies", "{5F20F24C-B997-4BEC-969F-C84C9AE1CD97}"
EndProject
Project("{9A19103F-16F7-4668-BE54-9A1E7A4F7556}") = "R5T.Rathgormack.Mullingar", "..\..\R5T.Rathgormack.Mullingar\source\R5T.Rathgormack.Mullingar\R5T.Rathgormack.Mullingar.csproj", "{1A9F7375-455A-40EE-B701-253581335C26}"
EndProject
Project("{9A19103F-16F7-4668-BE54-9A1E7A4F7556}") = "R5T.Dacia.Extensions", "..\..\R5T.Dacia.Extensions\source\R5T.Dacia.Extensions\R5T.Dacia.Extensions.csproj", "{86B85759-5BB7-4ADC-8ED2-42563FDEC8BB}"
EndProject
Project("{9A19103F-16F7-4668-BE54-9A1E7A4F7556}") = "R5T.Dacia", "..\..\R5T.Dacia\source\R5T.Dacia\R5T.Dacia.csproj", "{809DA31C-689C-4079-AA56-43F0F20AB14D}"
EndProject
Project("{9A19103F-16F7-4668-BE54-9A1E7A4F7556}") = "R5T.Mullingar.Base", "..\..\R5T.Mullingar.Base\source\R5T.Mullingar.Base\R5T.Mullingar.Base.csproj", "{63328BC9-F08B-44DA-8C58-171B28D184AA}"
EndProject
Project("{9A19103F-16F7-4668-BE54-9A1E7A4F7556}") = "R5T.Rathgormack.Base", "..\..\R5T.Rathgormack.Base\source\R5T.Rathgormack.Base\R5T.Rathgormack.Base.csproj", "{8F0FA87A-BD9A-4BD1-A09B-E90BBCE2B5B0}"
EndProject
Project("{9A19103F-16F7-4668-BE54-9A1E7A4F7556}") = "R5T.Mullingar.Standard", "..\..\R5T.Mullingar.Standard\source\R5T.Mullingar.Standard\R5T.Mullingar.Standard.csproj", "{1B12203D-84B5-4C20-BC54-18BF783B8BCB}"
EndProject
Project("{9A19103F-16F7-4668-BE54-9A1E7A4F7556}") = "R5T.Mullingar.Default", "..\..\R5T.Mullingar.Default\source\R5T.Mullingar.Default\R5T.Mullingar.Default.csproj", "{2B99F8DD-8647-4D6C-80F9-55209F765421}"
EndProject
Project("{9A19103F-16F7-4668-BE54-9A1E7A4F7556}") = "R5T.Richmond", "..\..\R5T.Richmond\source\R5T.Richmond\R5T.Richmond.csproj", "{7B29D627-48B5-4694-8D0A-E20736262990}"
EndProject
Project("{9A19103F-16F7-4668-BE54-9A1E7A4F7556}") = "R5T.Richmond.Abstractions", "..\..\R5T.Richmond.Abstractions\source\R5T.Richmond.Abstractions\R5T.Richmond.Abstractions.csproj", "{459D463D-657B-480E-924E-C3E24F6A04C7}"
EndProject
Project("{9A19103F-16F7-4668-BE54-9A1E7A4F7556}") = "R5T.Chamavia", "..\..\R5T.Chamavia\source\R5T.Chamavia\R5T.Chamavia.csproj", "{566DF91C-A945-499A-A34B-9A92E14B4569}"
EndProject
Project("{9A19103F-16F7-4668-BE54-9A1E7A4F7556}") = "R5T.Tromso.ServiceProvider", "..\..\R5T.Tromso.ServiceProvider\source\R5T.Tromso.ServiceProvider\R5T.Tromso.ServiceProvider.csproj", "{CC9055DC-E716-4941-9295-6A1C09307721}"
EndProject
Project("{9A19103F-16F7-4668-BE54-9A1E7A4F7556}") = "R5T.Exeter", "..\..\R5T.Exeter\source\R5T.Exeter\R5T.Exeter.csproj", "{8ADC4BBA-48D8-498A-B40A-0AB8146B22DD}"
EndProject
Project("{9A19103F-16F7-4668-BE54-9A1E7A4F7556}") = "R5T.Chamavia.Extensions", "..\..\R5T.Chamavia.Extensions\source\R5T.Chamavia.Extensions\R5T.Chamavia.Extensions.csproj", "{2FE6C37A-28A1-4A7B-BADE-D8B7A48AAC59}"
EndProject
Project("{9A19103F-16F7-4668-BE54-9A1E7A4F7556}") = "R5T.Langobard.Extensions", "..\..\R5T.Langobard.Extensions\source\R5T.Langobard.Extensions\R5T.Langobard.Extensions.csproj", "{278CD11F-68AF-499F-8B13-05B38DB78163}"
EndProject
Project("{9A19103F-16F7-4668-BE54-9A1E7A4F7556}") = "R5T.Langobard", "..\..\R5T.Langobard\source\R5T.Langobard\R5T.Langobard.csproj", "{2985C22E-E056-4121-B8C5-25DB06CB5F3F}"
EndProject
Project("{9A19103F-16F7-4668-BE54-9A1E7A4F7556}") = "R5T.Tromso.Types", "..\..\R5T.Tromso.Types\source\R5T.Tromso.Types\R5T.Tromso.Types.csproj", "{47003C57-A138-499D-9751-66261968C74B}"
EndProject
Project("{9A19103F-16F7-4668-BE54-9A1E7A4F7556}") = "R5T.Tromso.Abstractions", "..\..\R5T.Tromso.Abstractions\source\R5T.Tromso.Abstractions\R5T.Tromso.Abstractions.csproj", "{9697A115-86AE-4931-A89B-127F92E76F11}"
EndProject
Project("{9A19103F-16F7-4668-BE54-9A1E7A4F7556}") = "R5T.Tromso.Startup", "..\..\R5T.Tromso.Startup\source\R5T.Tromso.Startup\R5T.Tromso.Startup.csproj", "{5FA76DC7-C6D0-4E99-B6F4-B2ADB8657A75}"
EndProject
Global
	GlobalSection(SolutionConfigurationPlatforms) = preSolution
		Debug|Any CPU = Debug|Any CPU
		Debug|x64 = Debug|x64
		Debug|x86 = Debug|x86
		Release|Any CPU = Release|Any CPU
		Release|x64 = Release|x64
		Release|x86 = Release|x86
	EndGlobalSection
	GlobalSection(ProjectConfigurationPlatforms) = postSolution
		{221A869A-D12F-4AA5-A054-FB531ACC10F3}.Debug|Any CPU.ActiveCfg = Debug|Any CPU
		{221A869A-D12F-4AA5-A054-FB531ACC10F3}.Debug|Any CPU.Build.0 = Debug|Any CPU
		{221A869A-D12F-4AA5-A054-FB531ACC10F3}.Debug|x64.ActiveCfg = Debug|Any CPU
		{221A869A-D12F-4AA5-A054-FB531ACC10F3}.Debug|x64.Build.0 = Debug|Any CPU
		{221A869A-D12F-4AA5-A054-FB531ACC10F3}.Debug|x86.ActiveCfg = Debug|Any CPU
		{221A869A-D12F-4AA5-A054-FB531ACC10F3}.Debug|x86.Build.0 = Debug|Any CPU
		{221A869A-D12F-4AA5-A054-FB531ACC10F3}.Release|Any CPU.ActiveCfg = Release|Any CPU
		{221A869A-D12F-4AA5-A054-FB531ACC10F3}.Release|Any CPU.Build.0 = Release|Any CPU
		{221A869A-D12F-4AA5-A054-FB531ACC10F3}.Release|x64.ActiveCfg = Release|Any CPU
		{221A869A-D12F-4AA5-A054-FB531ACC10F3}.Release|x64.Build.0 = Release|Any CPU
		{221A869A-D12F-4AA5-A054-FB531ACC10F3}.Release|x86.ActiveCfg = Release|Any CPU
		{221A869A-D12F-4AA5-A054-FB531ACC10F3}.Release|x86.Build.0 = Release|Any CPU
		{C0663189-36C8-45FD-BAEF-AFBE439D3D05}.Debug|Any CPU.ActiveCfg = Debug|Any CPU
		{C0663189-36C8-45FD-BAEF-AFBE439D3D05}.Debug|Any CPU.Build.0 = Debug|Any CPU
		{C0663189-36C8-45FD-BAEF-AFBE439D3D05}.Debug|x64.ActiveCfg = Debug|Any CPU
		{C0663189-36C8-45FD-BAEF-AFBE439D3D05}.Debug|x64.Build.0 = Debug|Any CPU
		{C0663189-36C8-45FD-BAEF-AFBE439D3D05}.Debug|x86.ActiveCfg = Debug|Any CPU
		{C0663189-36C8-45FD-BAEF-AFBE439D3D05}.Debug|x86.Build.0 = Debug|Any CPU
		{C0663189-36C8-45FD-BAEF-AFBE439D3D05}.Release|Any CPU.ActiveCfg = Release|Any CPU
		{C0663189-36C8-45FD-BAEF-AFBE439D3D05}.Release|Any CPU.Build.0 = Release|Any CPU
		{C0663189-36C8-45FD-BAEF-AFBE439D3D05}.Release|x64.ActiveCfg = Release|Any CPU
		{C0663189-36C8-45FD-BAEF-AFBE439D3D05}.Release|x64.Build.0 = Release|Any CPU
		{C0663189-36C8-45FD-BAEF-AFBE439D3D05}.Release|x86.ActiveCfg = Release|Any CPU
		{C0663189-36C8-45FD-BAEF-AFBE439D3D05}.Release|x86.Build.0 = Release|Any CPU
		{73317D71-712E-4C4B-BCE1-977BC1A9E270}.Debug|Any CPU.ActiveCfg = Debug|Any CPU
		{73317D71-712E-4C4B-BCE1-977BC1A9E270}.Debug|Any CPU.Build.0 = Debug|Any CPU
		{73317D71-712E-4C4B-BCE1-977BC1A9E270}.Debug|x64.ActiveCfg = Debug|Any CPU
		{73317D71-712E-4C4B-BCE1-977BC1A9E270}.Debug|x64.Build.0 = Debug|Any CPU
		{73317D71-712E-4C4B-BCE1-977BC1A9E270}.Debug|x86.ActiveCfg = Debug|Any CPU
		{73317D71-712E-4C4B-BCE1-977BC1A9E270}.Debug|x86.Build.0 = Debug|Any CPU
		{73317D71-712E-4C4B-BCE1-977BC1A9E270}.Release|Any CPU.ActiveCfg = Release|Any CPU
		{73317D71-712E-4C4B-BCE1-977BC1A9E270}.Release|Any CPU.Build.0 = Release|Any CPU
		{73317D71-712E-4C4B-BCE1-977BC1A9E270}.Release|x64.ActiveCfg = Release|Any CPU
		{73317D71-712E-4C4B-BCE1-977BC1A9E270}.Release|x64.Build.0 = Release|Any CPU
		{73317D71-712E-4C4B-BCE1-977BC1A9E270}.Release|x86.ActiveCfg = Release|Any CPU
		{73317D71-712E-4C4B-BCE1-977BC1A9E270}.Release|x86.Build.0 = Release|Any CPU
		{1A9F7375-455A-40EE-B701-253581335C26}.Debug|Any CPU.ActiveCfg = Debug|Any CPU
		{1A9F7375-455A-40EE-B701-253581335C26}.Debug|Any CPU.Build.0 = Debug|Any CPU
		{1A9F7375-455A-40EE-B701-253581335C26}.Debug|x64.ActiveCfg = Debug|Any CPU
		{1A9F7375-455A-40EE-B701-253581335C26}.Debug|x64.Build.0 = Debug|Any CPU
		{1A9F7375-455A-40EE-B701-253581335C26}.Debug|x86.ActiveCfg = Debug|Any CPU
		{1A9F7375-455A-40EE-B701-253581335C26}.Debug|x86.Build.0 = Debug|Any CPU
		{1A9F7375-455A-40EE-B701-253581335C26}.Release|Any CPU.ActiveCfg = Release|Any CPU
		{1A9F7375-455A-40EE-B701-253581335C26}.Release|Any CPU.Build.0 = Release|Any CPU
		{1A9F7375-455A-40EE-B701-253581335C26}.Release|x64.ActiveCfg = Release|Any CPU
		{1A9F7375-455A-40EE-B701-253581335C26}.Release|x64.Build.0 = Release|Any CPU
		{1A9F7375-455A-40EE-B701-253581335C26}.Release|x86.ActiveCfg = Release|Any CPU
		{1A9F7375-455A-40EE-B701-253581335C26}.Release|x86.Build.0 = Release|Any CPU
		{86B85759-5BB7-4ADC-8ED2-42563FDEC8BB}.Debug|Any CPU.ActiveCfg = Debug|Any CPU
		{86B85759-5BB7-4ADC-8ED2-42563FDEC8BB}.Debug|Any CPU.Build.0 = Debug|Any CPU
		{86B85759-5BB7-4ADC-8ED2-42563FDEC8BB}.Debug|x64.ActiveCfg = Debug|Any CPU
		{86B85759-5BB7-4ADC-8ED2-42563FDEC8BB}.Debug|x64.Build.0 = Debug|Any CPU
		{86B85759-5BB7-4ADC-8ED2-42563FDEC8BB}.Debug|x86.ActiveCfg = Debug|Any CPU
		{86B85759-5BB7-4ADC-8ED2-42563FDEC8BB}.Debug|x86.Build.0 = Debug|Any CPU
		{86B85759-5BB7-4ADC-8ED2-42563FDEC8BB}.Release|Any CPU.ActiveCfg = Release|Any CPU
		{86B85759-5BB7-4ADC-8ED2-42563FDEC8BB}.Release|Any CPU.Build.0 = Release|Any CPU
		{86B85759-5BB7-4ADC-8ED2-42563FDEC8BB}.Release|x64.ActiveCfg = Release|Any CPU
		{86B85759-5BB7-4ADC-8ED2-42563FDEC8BB}.Release|x64.Build.0 = Release|Any CPU
		{86B85759-5BB7-4ADC-8ED2-42563FDEC8BB}.Release|x86.ActiveCfg = Release|Any CPU
		{86B85759-5BB7-4ADC-8ED2-42563FDEC8BB}.Release|x86.Build.0 = Release|Any CPU
		{809DA31C-689C-4079-AA56-43F0F20AB14D}.Debug|Any CPU.ActiveCfg = Debug|Any CPU
		{809DA31C-689C-4079-AA56-43F0F20AB14D}.Debug|Any CPU.Build.0 = Debug|Any CPU
		{809DA31C-689C-4079-AA56-43F0F20AB14D}.Debug|x64.ActiveCfg = Debug|Any CPU
		{809DA31C-689C-4079-AA56-43F0F20AB14D}.Debug|x64.Build.0 = Debug|Any CPU
		{809DA31C-689C-4079-AA56-43F0F20AB14D}.Debug|x86.ActiveCfg = Debug|Any CPU
		{809DA31C-689C-4079-AA56-43F0F20AB14D}.Debug|x86.Build.0 = Debug|Any CPU
		{809DA31C-689C-4079-AA56-43F0F20AB14D}.Release|Any CPU.ActiveCfg = Release|Any CPU
		{809DA31C-689C-4079-AA56-43F0F20AB14D}.Release|Any CPU.Build.0 = Release|Any CPU
		{809DA31C-689C-4079-AA56-43F0F20AB14D}.Release|x64.ActiveCfg = Release|Any CPU
		{809DA31C-689C-4079-AA56-43F0F20AB14D}.Release|x64.Build.0 = Release|Any CPU
		{809DA31C-689C-4079-AA56-43F0F20AB14D}.Release|x86.ActiveCfg = Release|Any CPU
		{809DA31C-689C-4079-AA56-43F0F20AB14D}.Release|x86.Build.0 = Release|Any CPU
		{63328BC9-F08B-44DA-8C58-171B28D184AA}.Debug|Any CPU.ActiveCfg = Debug|Any CPU
		{63328BC9-F08B-44DA-8C58-171B28D184AA}.Debug|Any CPU.Build.0 = Debug|Any CPU
		{63328BC9-F08B-44DA-8C58-171B28D184AA}.Debug|x64.ActiveCfg = Debug|Any CPU
		{63328BC9-F08B-44DA-8C58-171B28D184AA}.Debug|x64.Build.0 = Debug|Any CPU
		{63328BC9-F08B-44DA-8C58-171B28D184AA}.Debug|x86.ActiveCfg = Debug|Any CPU
		{63328BC9-F08B-44DA-8C58-171B28D184AA}.Debug|x86.Build.0 = Debug|Any CPU
		{63328BC9-F08B-44DA-8C58-171B28D184AA}.Release|Any CPU.ActiveCfg = Release|Any CPU
		{63328BC9-F08B-44DA-8C58-171B28D184AA}.Release|Any CPU.Build.0 = Release|Any CPU
		{63328BC9-F08B-44DA-8C58-171B28D184AA}.Release|x64.ActiveCfg = Release|Any CPU
		{63328BC9-F08B-44DA-8C58-171B28D184AA}.Release|x64.Build.0 = Release|Any CPU
		{63328BC9-F08B-44DA-8C58-171B28D184AA}.Release|x86.ActiveCfg = Release|Any CPU
		{63328BC9-F08B-44DA-8C58-171B28D184AA}.Release|x86.Build.0 = Release|Any CPU
		{8F0FA87A-BD9A-4BD1-A09B-E90BBCE2B5B0}.Debug|Any CPU.ActiveCfg = Debug|Any CPU
		{8F0FA87A-BD9A-4BD1-A09B-E90BBCE2B5B0}.Debug|Any CPU.Build.0 = Debug|Any CPU
		{8F0FA87A-BD9A-4BD1-A09B-E90BBCE2B5B0}.Debug|x64.ActiveCfg = Debug|Any CPU
		{8F0FA87A-BD9A-4BD1-A09B-E90BBCE2B5B0}.Debug|x64.Build.0 = Debug|Any CPU
		{8F0FA87A-BD9A-4BD1-A09B-E90BBCE2B5B0}.Debug|x86.ActiveCfg = Debug|Any CPU
		{8F0FA87A-BD9A-4BD1-A09B-E90BBCE2B5B0}.Debug|x86.Build.0 = Debug|Any CPU
		{8F0FA87A-BD9A-4BD1-A09B-E90BBCE2B5B0}.Release|Any CPU.ActiveCfg = Release|Any CPU
		{8F0FA87A-BD9A-4BD1-A09B-E90BBCE2B5B0}.Release|Any CPU.Build.0 = Release|Any CPU
		{8F0FA87A-BD9A-4BD1-A09B-E90BBCE2B5B0}.Release|x64.ActiveCfg = Release|Any CPU
		{8F0FA87A-BD9A-4BD1-A09B-E90BBCE2B5B0}.Release|x64.Build.0 = Release|Any CPU
		{8F0FA87A-BD9A-4BD1-A09B-E90BBCE2B5B0}.Release|x86.ActiveCfg = Release|Any CPU
		{8F0FA87A-BD9A-4BD1-A09B-E90BBCE2B5B0}.Release|x86.Build.0 = Release|Any CPU
		{1B12203D-84B5-4C20-BC54-18BF783B8BCB}.Debug|Any CPU.ActiveCfg = Debug|Any CPU
		{1B12203D-84B5-4C20-BC54-18BF783B8BCB}.Debug|Any CPU.Build.0 = Debug|Any CPU
		{1B12203D-84B5-4C20-BC54-18BF783B8BCB}.Debug|x64.ActiveCfg = Debug|Any CPU
		{1B12203D-84B5-4C20-BC54-18BF783B8BCB}.Debug|x64.Build.0 = Debug|Any CPU
		{1B12203D-84B5-4C20-BC54-18BF783B8BCB}.Debug|x86.ActiveCfg = Debug|Any CPU
		{1B12203D-84B5-4C20-BC54-18BF783B8BCB}.Debug|x86.Build.0 = Debug|Any CPU
		{1B12203D-84B5-4C20-BC54-18BF783B8BCB}.Release|Any CPU.ActiveCfg = Release|Any CPU
		{1B12203D-84B5-4C20-BC54-18BF783B8BCB}.Release|Any CPU.Build.0 = Release|Any CPU
		{1B12203D-84B5-4C20-BC54-18BF783B8BCB}.Release|x64.ActiveCfg = Release|Any CPU
		{1B12203D-84B5-4C20-BC54-18BF783B8BCB}.Release|x64.Build.0 = Release|Any CPU
		{1B12203D-84B5-4C20-BC54-18BF783B8BCB}.Release|x86.ActiveCfg = Release|Any CPU
		{1B12203D-84B5-4C20-BC54-18BF783B8BCB}.Release|x86.Build.0 = Release|Any CPU
		{2B99F8DD-8647-4D6C-80F9-55209F765421}.Debug|Any CPU.ActiveCfg = Debug|Any CPU
		{2B99F8DD-8647-4D6C-80F9-55209F765421}.Debug|Any CPU.Build.0 = Debug|Any CPU
		{2B99F8DD-8647-4D6C-80F9-55209F765421}.Debug|x64.ActiveCfg = Debug|Any CPU
		{2B99F8DD-8647-4D6C-80F9-55209F765421}.Debug|x64.Build.0 = Debug|Any CPU
		{2B99F8DD-8647-4D6C-80F9-55209F765421}.Debug|x86.ActiveCfg = Debug|Any CPU
		{2B99F8DD-8647-4D6C-80F9-55209F765421}.Debug|x86.Build.0 = Debug|Any CPU
		{2B99F8DD-8647-4D6C-80F9-55209F765421}.Release|Any CPU.ActiveCfg = Release|Any CPU
		{2B99F8DD-8647-4D6C-80F9-55209F765421}.Release|Any CPU.Build.0 = Release|Any CPU
		{2B99F8DD-8647-4D6C-80F9-55209F765421}.Release|x64.ActiveCfg = Release|Any CPU
		{2B99F8DD-8647-4D6C-80F9-55209F765421}.Release|x64.Build.0 = Release|Any CPU
		{2B99F8DD-8647-4D6C-80F9-55209F765421}.Release|x86.ActiveCfg = Release|Any CPU
		{2B99F8DD-8647-4D6C-80F9-55209F765421}.Release|x86.Build.0 = Release|Any CPU
		{7B29D627-48B5-4694-8D0A-E20736262990}.Debug|Any CPU.ActiveCfg = Debug|Any CPU
		{7B29D627-48B5-4694-8D0A-E20736262990}.Debug|Any CPU.Build.0 = Debug|Any CPU
		{7B29D627-48B5-4694-8D0A-E20736262990}.Debug|x64.ActiveCfg = Debug|Any CPU
		{7B29D627-48B5-4694-8D0A-E20736262990}.Debug|x64.Build.0 = Debug|Any CPU
		{7B29D627-48B5-4694-8D0A-E20736262990}.Debug|x86.ActiveCfg = Debug|Any CPU
		{7B29D627-48B5-4694-8D0A-E20736262990}.Debug|x86.Build.0 = Debug|Any CPU
		{7B29D627-48B5-4694-8D0A-E20736262990}.Release|Any CPU.ActiveCfg = Release|Any CPU
		{7B29D627-48B5-4694-8D0A-E20736262990}.Release|Any CPU.Build.0 = Release|Any CPU
		{7B29D627-48B5-4694-8D0A-E20736262990}.Release|x64.ActiveCfg = Release|Any CPU
		{7B29D627-48B5-4694-8D0A-E20736262990}.Release|x64.Build.0 = Release|Any CPU
		{7B29D627-48B5-4694-8D0A-E20736262990}.Release|x86.ActiveCfg = Release|Any CPU
		{7B29D627-48B5-4694-8D0A-E20736262990}.Release|x86.Build.0 = Release|Any CPU
		{459D463D-657B-480E-924E-C3E24F6A04C7}.Debug|Any CPU.ActiveCfg = Debug|Any CPU
		{459D463D-657B-480E-924E-C3E24F6A04C7}.Debug|Any CPU.Build.0 = Debug|Any CPU
		{459D463D-657B-480E-924E-C3E24F6A04C7}.Debug|x64.ActiveCfg = Debug|Any CPU
		{459D463D-657B-480E-924E-C3E24F6A04C7}.Debug|x64.Build.0 = Debug|Any CPU
		{459D463D-657B-480E-924E-C3E24F6A04C7}.Debug|x86.ActiveCfg = Debug|Any CPU
		{459D463D-657B-480E-924E-C3E24F6A04C7}.Debug|x86.Build.0 = Debug|Any CPU
		{459D463D-657B-480E-924E-C3E24F6A04C7}.Release|Any CPU.ActiveCfg = Release|Any CPU
		{459D463D-657B-480E-924E-C3E24F6A04C7}.Release|Any CPU.Build.0 = Release|Any CPU
		{459D463D-657B-480E-924E-C3E24F6A04C7}.Release|x64.ActiveCfg = Release|Any CPU
		{459D463D-657B-480E-924E-C3E24F6A04C7}.Release|x64.Build.0 = Release|Any CPU
		{459D463D-657B-480E-924E-C3E24F6A04C7}.Release|x86.ActiveCfg = Release|Any CPU
		{459D463D-657B-480E-924E-C3E24F6A04C7}.Release|x86.Build.0 = Release|Any CPU
		{566DF91C-A945-499A-A34B-9A92E14B4569}.Debug|Any CPU.ActiveCfg = Debug|Any CPU
		{566DF91C-A945-499A-A34B-9A92E14B4569}.Debug|Any CPU.Build.0 = Debug|Any CPU
		{566DF91C-A945-499A-A34B-9A92E14B4569}.Debug|x64.ActiveCfg = Debug|Any CPU
		{566DF91C-A945-499A-A34B-9A92E14B4569}.Debug|x64.Build.0 = Debug|Any CPU
		{566DF91C-A945-499A-A34B-9A92E14B4569}.Debug|x86.ActiveCfg = Debug|Any CPU
		{566DF91C-A945-499A-A34B-9A92E14B4569}.Debug|x86.Build.0 = Debug|Any CPU
		{566DF91C-A945-499A-A34B-9A92E14B4569}.Release|Any CPU.ActiveCfg = Release|Any CPU
		{566DF91C-A945-499A-A34B-9A92E14B4569}.Release|Any CPU.Build.0 = Release|Any CPU
		{566DF91C-A945-499A-A34B-9A92E14B4569}.Release|x64.ActiveCfg = Release|Any CPU
		{566DF91C-A945-499A-A34B-9A92E14B4569}.Release|x64.Build.0 = Release|Any CPU
		{566DF91C-A945-499A-A34B-9A92E14B4569}.Release|x86.ActiveCfg = Release|Any CPU
		{566DF91C-A945-499A-A34B-9A92E14B4569}.Release|x86.Build.0 = Release|Any CPU
		{CC9055DC-E716-4941-9295-6A1C09307721}.Debug|Any CPU.ActiveCfg = Debug|Any CPU
		{CC9055DC-E716-4941-9295-6A1C09307721}.Debug|Any CPU.Build.0 = Debug|Any CPU
		{CC9055DC-E716-4941-9295-6A1C09307721}.Debug|x64.ActiveCfg = Debug|Any CPU
		{CC9055DC-E716-4941-9295-6A1C09307721}.Debug|x64.Build.0 = Debug|Any CPU
		{CC9055DC-E716-4941-9295-6A1C09307721}.Debug|x86.ActiveCfg = Debug|Any CPU
		{CC9055DC-E716-4941-9295-6A1C09307721}.Debug|x86.Build.0 = Debug|Any CPU
		{CC9055DC-E716-4941-9295-6A1C09307721}.Release|Any CPU.ActiveCfg = Release|Any CPU
		{CC9055DC-E716-4941-9295-6A1C09307721}.Release|Any CPU.Build.0 = Release|Any CPU
		{CC9055DC-E716-4941-9295-6A1C09307721}.Release|x64.ActiveCfg = Release|Any CPU
		{CC9055DC-E716-4941-9295-6A1C09307721}.Release|x64.Build.0 = Release|Any CPU
		{CC9055DC-E716-4941-9295-6A1C09307721}.Release|x86.ActiveCfg = Release|Any CPU
		{CC9055DC-E716-4941-9295-6A1C09307721}.Release|x86.Build.0 = Release|Any CPU
		{8ADC4BBA-48D8-498A-B40A-0AB8146B22DD}.Debug|Any CPU.ActiveCfg = Debug|Any CPU
		{8ADC4BBA-48D8-498A-B40A-0AB8146B22DD}.Debug|Any CPU.Build.0 = Debug|Any CPU
		{8ADC4BBA-48D8-498A-B40A-0AB8146B22DD}.Debug|x64.ActiveCfg = Debug|Any CPU
		{8ADC4BBA-48D8-498A-B40A-0AB8146B22DD}.Debug|x64.Build.0 = Debug|Any CPU
		{8ADC4BBA-48D8-498A-B40A-0AB8146B22DD}.Debug|x86.ActiveCfg = Debug|Any CPU
		{8ADC4BBA-48D8-498A-B40A-0AB8146B22DD}.Debug|x86.Build.0 = Debug|Any CPU
		{8ADC4BBA-48D8-498A-B40A-0AB8146B22DD}.Release|Any CPU.ActiveCfg = Release|Any CPU
		{8ADC4BBA-48D8-498A-B40A-0AB8146B22DD}.Release|Any CPU.Build.0 = Release|Any CPU
		{8ADC4BBA-48D8-498A-B40A-0AB8146B22DD}.Release|x64.ActiveCfg = Release|Any CPU
		{8ADC4BBA-48D8-498A-B40A-0AB8146B22DD}.Release|x64.Build.0 = Release|Any CPU
		{8ADC4BBA-48D8-498A-B40A-0AB8146B22DD}.Release|x86.ActiveCfg = Release|Any CPU
		{8ADC4BBA-48D8-498A-B40A-0AB8146B22DD}.Release|x86.Build.0 = Release|Any CPU
		{2FE6C37A-28A1-4A7B-BADE-D8B7A48AAC59}.Debug|Any CPU.ActiveCfg = Debug|Any CPU
		{2FE6C37A-28A1-4A7B-BADE-D8B7A48AAC59}.Debug|Any CPU.Build.0 = Debug|Any CPU
		{2FE6C37A-28A1-4A7B-BADE-D8B7A48AAC59}.Debug|x64.ActiveCfg = Debug|Any CPU
		{2FE6C37A-28A1-4A7B-BADE-D8B7A48AAC59}.Debug|x64.Build.0 = Debug|Any CPU
		{2FE6C37A-28A1-4A7B-BADE-D8B7A48AAC59}.Debug|x86.ActiveCfg = Debug|Any CPU
		{2FE6C37A-28A1-4A7B-BADE-D8B7A48AAC59}.Debug|x86.Build.0 = Debug|Any CPU
		{2FE6C37A-28A1-4A7B-BADE-D8B7A48AAC59}.Release|Any CPU.ActiveCfg = Release|Any CPU
		{2FE6C37A-28A1-4A7B-BADE-D8B7A48AAC59}.Release|Any CPU.Build.0 = Release|Any CPU
		{2FE6C37A-28A1-4A7B-BADE-D8B7A48AAC59}.Release|x64.ActiveCfg = Release|Any CPU
		{2FE6C37A-28A1-4A7B-BADE-D8B7A48AAC59}.Release|x64.Build.0 = Release|Any CPU
		{2FE6C37A-28A1-4A7B-BADE-D8B7A48AAC59}.Release|x86.ActiveCfg = Release|Any CPU
		{2FE6C37A-28A1-4A7B-BADE-D8B7A48AAC59}.Release|x86.Build.0 = Release|Any CPU
		{278CD11F-68AF-499F-8B13-05B38DB78163}.Debug|Any CPU.ActiveCfg = Debug|Any CPU
		{278CD11F-68AF-499F-8B13-05B38DB78163}.Debug|Any CPU.Build.0 = Debug|Any CPU
		{278CD11F-68AF-499F-8B13-05B38DB78163}.Debug|x64.ActiveCfg = Debug|Any CPU
		{278CD11F-68AF-499F-8B13-05B38DB78163}.Debug|x64.Build.0 = Debug|Any CPU
		{278CD11F-68AF-499F-8B13-05B38DB78163}.Debug|x86.ActiveCfg = Debug|Any CPU
		{278CD11F-68AF-499F-8B13-05B38DB78163}.Debug|x86.Build.0 = Debug|Any CPU
		{278CD11F-68AF-499F-8B13-05B38DB78163}.Release|Any CPU.ActiveCfg = Release|Any CPU
		{278CD11F-68AF-499F-8B13-05B38DB78163}.Release|Any CPU.Build.0 = Release|Any CPU
		{278CD11F-68AF-499F-8B13-05B38DB78163}.Release|x64.ActiveCfg = Release|Any CPU
		{278CD11F-68AF-499F-8B13-05B38DB78163}.Release|x64.Build.0 = Release|Any CPU
		{278CD11F-68AF-499F-8B13-05B38DB78163}.Release|x86.ActiveCfg = Release|Any CPU
		{278CD11F-68AF-499F-8B13-05B38DB78163}.Release|x86.Build.0 = Release|Any CPU
		{2985C22E-E056-4121-B8C5-25DB06CB5F3F}.Debug|Any CPU.ActiveCfg = Debug|Any CPU
		{2985C22E-E056-4121-B8C5-25DB06CB5F3F}.Debug|Any CPU.Build.0 = Debug|Any CPU
		{2985C22E-E056-4121-B8C5-25DB06CB5F3F}.Debug|x64.ActiveCfg = Debug|Any CPU
		{2985C22E-E056-4121-B8C5-25DB06CB5F3F}.Debug|x64.Build.0 = Debug|Any CPU
		{2985C22E-E056-4121-B8C5-25DB06CB5F3F}.Debug|x86.ActiveCfg = Debug|Any CPU
		{2985C22E-E056-4121-B8C5-25DB06CB5F3F}.Debug|x86.Build.0 = Debug|Any CPU
		{2985C22E-E056-4121-B8C5-25DB06CB5F3F}.Release|Any CPU.ActiveCfg = Release|Any CPU
		{2985C22E-E056-4121-B8C5-25DB06CB5F3F}.Release|Any CPU.Build.0 = Release|Any CPU
		{2985C22E-E056-4121-B8C5-25DB06CB5F3F}.Release|x64.ActiveCfg = Release|Any CPU
		{2985C22E-E056-4121-B8C5-25DB06CB5F3F}.Release|x64.Build.0 = Release|Any CPU
		{2985C22E-E056-4121-B8C5-25DB06CB5F3F}.Release|x86.ActiveCfg = Release|Any CPU
		{2985C22E-E056-4121-B8C5-25DB06CB5F3F}.Release|x86.Build.0 = Release|Any CPU
		{47003C57-A138-499D-9751-66261968C74B}.Debug|Any CPU.ActiveCfg = Debug|Any CPU
		{47003C57-A138-499D-9751-66261968C74B}.Debug|Any CPU.Build.0 = Debug|Any CPU
		{47003C57-A138-499D-9751-66261968C74B}.Debug|x64.ActiveCfg = Debug|Any CPU
		{47003C57-A138-499D-9751-66261968C74B}.Debug|x64.Build.0 = Debug|Any CPU
		{47003C57-A138-499D-9751-66261968C74B}.Debug|x86.ActiveCfg = Debug|Any CPU
		{47003C57-A138-499D-9751-66261968C74B}.Debug|x86.Build.0 = Debug|Any CPU
		{47003C57-A138-499D-9751-66261968C74B}.Release|Any CPU.ActiveCfg = Release|Any CPU
		{47003C57-A138-499D-9751-66261968C74B}.Release|Any CPU.Build.0 = Release|Any CPU
		{47003C57-A138-499D-9751-66261968C74B}.Release|x64.ActiveCfg = Release|Any CPU
		{47003C57-A138-499D-9751-66261968C74B}.Release|x64.Build.0 = Release|Any CPU
		{47003C57-A138-499D-9751-66261968C74B}.Release|x86.ActiveCfg = Release|Any CPU
		{47003C57-A138-499D-9751-66261968C74B}.Release|x86.Build.0 = Release|Any CPU
		{9697A115-86AE-4931-A89B-127F92E76F11}.Debug|Any CPU.ActiveCfg = Debug|Any CPU
		{9697A115-86AE-4931-A89B-127F92E76F11}.Debug|Any CPU.Build.0 = Debug|Any CPU
		{9697A115-86AE-4931-A89B-127F92E76F11}.Debug|x64.ActiveCfg = Debug|Any CPU
		{9697A115-86AE-4931-A89B-127F92E76F11}.Debug|x64.Build.0 = Debug|Any CPU
		{9697A115-86AE-4931-A89B-127F92E76F11}.Debug|x86.ActiveCfg = Debug|Any CPU
		{9697A115-86AE-4931-A89B-127F92E76F11}.Debug|x86.Build.0 = Debug|Any CPU
		{9697A115-86AE-4931-A89B-127F92E76F11}.Release|Any CPU.ActiveCfg = Release|Any CPU
		{9697A115-86AE-4931-A89B-127F92E76F11}.Release|Any CPU.Build.0 = Release|Any CPU
		{9697A115-86AE-4931-A89B-127F92E76F11}.Release|x64.ActiveCfg = Release|Any CPU
		{9697A115-86AE-4931-A89B-127F92E76F11}.Release|x64.Build.0 = Release|Any CPU
		{9697A115-86AE-4931-A89B-127F92E76F11}.Release|x86.ActiveCfg = Release|Any CPU
		{9697A115-86AE-4931-A89B-127F92E76F11}.Release|x86.Build.0 = Release|Any CPU
		{5FA76DC7-C6D0-4E99-B6F4-B2ADB8657A75}.Debug|Any CPU.ActiveCfg = Debug|Any CPU
		{5FA76DC7-C6D0-4E99-B6F4-B2ADB8657A75}.Debug|Any CPU.Build.0 = Debug|Any CPU
		{5FA76DC7-C6D0-4E99-B6F4-B2ADB8657A75}.Debug|x64.ActiveCfg = Debug|Any CPU
		{5FA76DC7-C6D0-4E99-B6F4-B2ADB8657A75}.Debug|x64.Build.0 = Debug|Any CPU
		{5FA76DC7-C6D0-4E99-B6F4-B2ADB8657A75}.Debug|x86.ActiveCfg = Debug|Any CPU
		{5FA76DC7-C6D0-4E99-B6F4-B2ADB8657A75}.Debug|x86.Build.0 = Debug|Any CPU
		{5FA76DC7-C6D0-4E99-B6F4-B2ADB8657A75}.Release|Any CPU.ActiveCfg = Release|Any CPU
		{5FA76DC7-C6D0-4E99-B6F4-B2ADB8657A75}.Release|Any CPU.Build.0 = Release|Any CPU
		{5FA76DC7-C6D0-4E99-B6F4-B2ADB8657A75}.Release|x64.ActiveCfg = Release|Any CPU
		{5FA76DC7-C6D0-4E99-B6F4-B2ADB8657A75}.Release|x64.Build.0 = Release|Any CPU
		{5FA76DC7-C6D0-4E99-B6F4-B2ADB8657A75}.Release|x86.ActiveCfg = Release|Any CPU
		{5FA76DC7-C6D0-4E99-B6F4-B2ADB8657A75}.Release|x86.Build.0 = Release|Any CPU
	EndGlobalSection
	GlobalSection(SolutionProperties) = preSolution
		HideSolutionNode = FALSE
	EndGlobalSection
	GlobalSection(NestedProjects) = preSolution
		{C0663189-36C8-45FD-BAEF-AFBE439D3D05} = {5F20F24C-B997-4BEC-969F-C84C9AE1CD97}
		{1A9F7375-455A-40EE-B701-253581335C26} = {5F20F24C-B997-4BEC-969F-C84C9AE1CD97}
		{86B85759-5BB7-4ADC-8ED2-42563FDEC8BB} = {5F20F24C-B997-4BEC-969F-C84C9AE1CD97}
		{809DA31C-689C-4079-AA56-43F0F20AB14D} = {5F20F24C-B997-4BEC-969F-C84C9AE1CD97}
		{63328BC9-F08B-44DA-8C58-171B28D184AA} = {5F20F24C-B997-4BEC-969F-C84C9AE1CD97}
		{8F0FA87A-BD9A-4BD1-A09B-E90BBCE2B5B0} = {5F20F24C-B997-4BEC-969F-C84C9AE1CD97}
		{1B12203D-84B5-4C20-BC54-18BF783B8BCB} = {5F20F24C-B997-4BEC-969F-C84C9AE1CD97}
		{2B99F8DD-8647-4D6C-80F9-55209F765421} = {5F20F24C-B997-4BEC-969F-C84C9AE1CD97}
		{7B29D627-48B5-4694-8D0A-E20736262990} = {5F20F24C-B997-4BEC-969F-C84C9AE1CD97}
		{459D463D-657B-480E-924E-C3E24F6A04C7} = {5F20F24C-B997-4BEC-969F-C84C9AE1CD97}
		{566DF91C-A945-499A-A34B-9A92E14B4569} = {5F20F24C-B997-4BEC-969F-C84C9AE1CD97}
		{CC9055DC-E716-4941-9295-6A1C09307721} = {5F20F24C-B997-4BEC-969F-C84C9AE1CD97}
		{8ADC4BBA-48D8-498A-B40A-0AB8146B22DD} = {5F20F24C-B997-4BEC-969F-C84C9AE1CD97}
		{2FE6C37A-28A1-4A7B-BADE-D8B7A48AAC59} = {5F20F24C-B997-4BEC-969F-C84C9AE1CD97}
		{278CD11F-68AF-499F-8B13-05B38DB78163} = {5F20F24C-B997-4BEC-969F-C84C9AE1CD97}
		{2985C22E-E056-4121-B8C5-25DB06CB5F3F} = {5F20F24C-B997-4BEC-969F-C84C9AE1CD97}
		{47003C57-A138-499D-9751-66261968C74B} = {5F20F24C-B997-4BEC-969F-C84C9AE1CD97}
		{9697A115-86AE-4931-A89B-127F92E76F11} = {5F20F24C-B997-4BEC-969F-C84C9AE1CD97}
		{5FA76DC7-C6D0-4E99-B6F4-B2ADB8657A75} = {5F20F24C-B997-4BEC-969F-C84C9AE1CD97}
	EndGlobalSection
	GlobalSection(ExtensibilityGlobals) = postSolution
		SolutionGuid = {533008AC-1F97-4DE7-83CC-D185614387E2}
	EndGlobalSection
EndGlobal
